// !$*UTF8*$!
{
	archiveVersion = 1;
	classes = {
	};
	objectVersion = 56;
	objects = {

/* Begin PBXBuildFile section */
		3F0948FF2C8C4A9200DE50E7 /* Alamofire in Frameworks */ = {isa = PBXBuildFile; productRef = 3F0948FE2C8C4A9200DE50E7 /* Alamofire */; };
		3F0949042C8C4EDD00DE50E7 /* SnapKit in Frameworks */ = {isa = PBXBuildFile; productRef = 3F0949032C8C4EDD00DE50E7 /* SnapKit */; };
		3F1E61ED2C8DDC8A008A555A /* CurrentCity in Frameworks */ = {isa = PBXBuildFile; productRef = 3F1E61EC2C8DDC8A008A555A /* CurrentCity */; };
		3F1E61F22C8DE0A4008A555A /* CurrentWeather in Frameworks */ = {isa = PBXBuildFile; productRef = 3F1E61F12C8DE0A4008A555A /* CurrentWeather */; };
		3F1E61F62C8DEE62008A555A /* TicTacToe in Frameworks */ = {isa = PBXBuildFile; productRef = 3F1E61F52C8DEE62008A555A /* TicTacToe */; };
		3F1E62252C8E0C41008A555A /* TicTacToe in Frameworks */ = {isa = PBXBuildFile; productRef = 3F1E62242C8E0C41008A555A /* TicTacToe */; };
		3FA25CC12C87658C0079A908 /* AppDelegate.swift in Sources */ = {isa = PBXBuildFile; fileRef = 3FA25CC02C87658C0079A908 /* AppDelegate.swift */; };
		3FA25CC32C87658C0079A908 /* SceneDelegate.swift in Sources */ = {isa = PBXBuildFile; fileRef = 3FA25CC22C87658C0079A908 /* SceneDelegate.swift */; };
		3FA25CC52C87658C0079A908 /* ViewController.swift in Sources */ = {isa = PBXBuildFile; fileRef = 3FA25CC42C87658C0079A908 /* ViewController.swift */; };
		3FA25CC82C87658C0079A908 /* Main.storyboard in Resources */ = {isa = PBXBuildFile; fileRef = 3FA25CC62C87658C0079A908 /* Main.storyboard */; };
		3FA25CCA2C87658D0079A908 /* Assets.xcassets in Resources */ = {isa = PBXBuildFile; fileRef = 3FA25CC92C87658D0079A908 /* Assets.xcassets */; };
		3FA25CCD2C87658D0079A908 /* LaunchScreen.storyboard in Resources */ = {isa = PBXBuildFile; fileRef = 3FA25CCB2C87658D0079A908 /* LaunchScreen.storyboard */; };
/* End PBXBuildFile section */

/* Begin PBXFileReference section */
		3F1E62212C8E0BC6008A555A /* CurrentWeather */ = {isa = PBXFileReference; lastKnownFileType = wrapper; name = CurrentWeather; path = ../CurrentWeather; sourceTree = "<group>"; };
		3F1E62222C8E0BCE008A555A /* CurrentCity */ = {isa = PBXFileReference; lastKnownFileType = wrapper; name = CurrentCity; path = ../CurrentCity; sourceTree = "<group>"; };
		3F1E62232C8E0BEF008A555A /* TicTacToe */ = {isa = PBXFileReference; lastKnownFileType = wrapper; name = TicTacToe; path = ../TicTacToe; sourceTree = "<group>"; };
		3FA25CBD2C87658C0079A908 /* VKTestApp.app */ = {isa = PBXFileReference; explicitFileType = wrapper.application; includeInIndex = 0; path = VKTestApp.app; sourceTree = BUILT_PRODUCTS_DIR; };
		3FA25CC02C87658C0079A908 /* AppDelegate.swift */ = {isa = PBXFileReference; lastKnownFileType = sourcecode.swift; path = AppDelegate.swift; sourceTree = "<group>"; };
		3FA25CC22C87658C0079A908 /* SceneDelegate.swift */ = {isa = PBXFileReference; lastKnownFileType = sourcecode.swift; path = SceneDelegate.swift; sourceTree = "<group>"; };
		3FA25CC42C87658C0079A908 /* ViewController.swift */ = {isa = PBXFileReference; lastKnownFileType = sourcecode.swift; path = ViewController.swift; sourceTree = "<group>"; };
		3FA25CC72C87658C0079A908 /* Base */ = {isa = PBXFileReference; lastKnownFileType = file.storyboard; name = Base; path = Base.lproj/Main.storyboard; sourceTree = "<group>"; };
		3FA25CC92C87658D0079A908 /* Assets.xcassets */ = {isa = PBXFileReference; lastKnownFileType = folder.assetcatalog; path = Assets.xcassets; sourceTree = "<group>"; };
		3FA25CCC2C87658D0079A908 /* Base */ = {isa = PBXFileReference; lastKnownFileType = file.storyboard; name = Base; path = Base.lproj/LaunchScreen.storyboard; sourceTree = "<group>"; };
		3FA25CCE2C87658D0079A908 /* Info.plist */ = {isa = PBXFileReference; lastKnownFileType = text.plist.xml; path = Info.plist; sourceTree = "<group>"; };
/* End PBXFileReference section */

/* Begin PBXFrameworksBuildPhase section */
		3FA25CBA2C87658C0079A908 /* Frameworks */ = {
			isa = PBXFrameworksBuildPhase;
			buildActionMask = 2147483647;
			files = (
				3F1E61F62C8DEE62008A555A /* TicTacToe in Frameworks */,
				3F0949042C8C4EDD00DE50E7 /* SnapKit in Frameworks */,
				3F1E61F22C8DE0A4008A555A /* CurrentWeather in Frameworks */,
				3F1E62252C8E0C41008A555A /* TicTacToe in Frameworks */,
				3F0948FF2C8C4A9200DE50E7 /* Alamofire in Frameworks */,
				3F1E61ED2C8DDC8A008A555A /* CurrentCity in Frameworks */,
			);
			runOnlyForDeploymentPostprocessing = 0;
		};
/* End PBXFrameworksBuildPhase section */

/* Begin PBXGroup section */
		3F1E61E52C8DB988008A555A /* Frameworks */ = {
			isa = PBXGroup;
			children = (
			);
			name = Frameworks;
			sourceTree = "<group>";
		};
		3F1E61F72C8DF937008A555A /* New Group */ = {
			isa = PBXGroup;
			children = (
			);
			path = "New Group";
			sourceTree = "<group>";
		};
		3FA25CB42C87658C0079A908 = {
			isa = PBXGroup;
			children = (
				3F1E62232C8E0BEF008A555A /* TicTacToe */,
				3F1E62212C8E0BC6008A555A /* CurrentWeather */,
				3F1E62222C8E0BCE008A555A /* CurrentCity */,
				3FA25CBF2C87658C0079A908 /* VKTestApp */,
				3FA25CBE2C87658C0079A908 /* Products */,
				3F1E61E52C8DB988008A555A /* Frameworks */,
			);
			sourceTree = "<group>";
		};
		3FA25CBE2C87658C0079A908 /* Products */ = {
			isa = PBXGroup;
			children = (
				3FA25CBD2C87658C0079A908 /* VKTestApp.app */,
			);
			name = Products;
			sourceTree = "<group>";
		};
		3FA25CBF2C87658C0079A908 /* VKTestApp */ = {
			isa = PBXGroup;
			children = (
				3F1E61F72C8DF937008A555A /* New Group */,
				3FA25CC02C87658C0079A908 /* AppDelegate.swift */,
				3FA25CC22C87658C0079A908 /* SceneDelegate.swift */,
				3FA25CC42C87658C0079A908 /* ViewController.swift */,
				3FA25CC62C87658C0079A908 /* Main.storyboard */,
				3FA25CC92C87658D0079A908 /* Assets.xcassets */,
				3FA25CCB2C87658D0079A908 /* LaunchScreen.storyboard */,
				3FA25CCE2C87658D0079A908 /* Info.plist */,
			);
			path = VKTestApp;
			sourceTree = "<group>";
		};
/* End PBXGroup section */

/* Begin PBXNativeTarget section */
		3FA25CBC2C87658C0079A908 /* VKTestApp */ = {
			isa = PBXNativeTarget;
			buildConfigurationList = 3FA25CD12C87658D0079A908 /* Build configuration list for PBXNativeTarget "VKTestApp" */;
			buildPhases = (
				3FA25CB92C87658C0079A908 /* Sources */,
				3FA25CBA2C87658C0079A908 /* Frameworks */,
				3FA25CBB2C87658C0079A908 /* Resources */,
			);
			buildRules = (
			);
			dependencies = (
			);
			name = VKTestApp;
			packageProductDependencies = (
				3F0948FE2C8C4A9200DE50E7 /* Alamofire */,
				3F0949032C8C4EDD00DE50E7 /* SnapKit */,
				3F1E61EC2C8DDC8A008A555A /* CurrentCity */,
				3F1E61F12C8DE0A4008A555A /* CurrentWeather */,
				3F1E61F52C8DEE62008A555A /* TicTacToe */,
				3F1E62242C8E0C41008A555A /* TicTacToe */,
			);
			productName = VKTestApp;
			productReference = 3FA25CBD2C87658C0079A908 /* VKTestApp.app */;
			productType = "com.apple.product-type.application";
		};
/* End PBXNativeTarget section */

/* Begin PBXProject section */
		3FA25CB52C87658C0079A908 /* Project object */ = {
			isa = PBXProject;
			attributes = {
				BuildIndependentTargetsInParallel = 1;
				LastSwiftUpdateCheck = 1520;
				LastUpgradeCheck = 1520;
				TargetAttributes = {
					3FA25CBC2C87658C0079A908 = {
						CreatedOnToolsVersion = 15.2;
					};
				};
			};
			buildConfigurationList = 3FA25CB82C87658C0079A908 /* Build configuration list for PBXProject "VKTestApp" */;
			compatibilityVersion = "Xcode 14.0";
			developmentRegion = en;
			hasScannedForEncodings = 0;
			knownRegions = (
				en,
				Base,
			);
			mainGroup = 3FA25CB42C87658C0079A908;
			packageReferences = (
				3F0948FD2C8C4A9200DE50E7 /* XCRemoteSwiftPackageReference "Alamofire" */,
				3F0949022C8C4EDC00DE50E7 /* XCRemoteSwiftPackageReference "SnapKit" */,
				3F1E61EB2C8DDC8A008A555A /* XCRemoteSwiftPackageReference "CurrentCity" */,
				3F1E61EE2C8DDF83008A555A /* XCRemoteSwiftPackageReference "CurrentWeather" */,
				3F1E61F42C8DEE62008A555A /* XCRemoteSwiftPackageReference "TicTacToe" */,
			);
			productRefGroup = 3FA25CBE2C87658C0079A908 /* Products */;
			projectDirPath = "";
			projectRoot = "";
			targets = (
				3FA25CBC2C87658C0079A908 /* VKTestApp */,
			);
		};
/* End PBXProject section */

/* Begin PBXResourcesBuildPhase section */
		3FA25CBB2C87658C0079A908 /* Resources */ = {
			isa = PBXResourcesBuildPhase;
			buildActionMask = 2147483647;
			files = (
				3FA25CCD2C87658D0079A908 /* LaunchScreen.storyboard in Resources */,
				3FA25CCA2C87658D0079A908 /* Assets.xcassets in Resources */,
				3FA25CC82C87658C0079A908 /* Main.storyboard in Resources */,
			);
			runOnlyForDeploymentPostprocessing = 0;
		};
/* End PBXResourcesBuildPhase section */

/* Begin PBXSourcesBuildPhase section */
		3FA25CB92C87658C0079A908 /* Sources */ = {
			isa = PBXSourcesBuildPhase;
			buildActionMask = 2147483647;
			files = (
				3FA25CC52C87658C0079A908 /* ViewController.swift in Sources */,
				3FA25CC12C87658C0079A908 /* AppDelegate.swift in Sources */,
				3FA25CC32C87658C0079A908 /* SceneDelegate.swift in Sources */,
			);
			runOnlyForDeploymentPostprocessing = 0;
		};
/* End PBXSourcesBuildPhase section */

/* Begin PBXVariantGroup section */
		3FA25CC62C87658C0079A908 /* Main.storyboard */ = {
			isa = PBXVariantGroup;
			children = (
				3FA25CC72C87658C0079A908 /* Base */,
			);
			name = Main.storyboard;
			sourceTree = "<group>";
		};
		3FA25CCB2C87658D0079A908 /* LaunchScreen.storyboard */ = {
			isa = PBXVariantGroup;
			children = (
				3FA25CCC2C87658D0079A908 /* Base */,
			);
			name = LaunchScreen.storyboard;
			sourceTree = "<group>";
		};
/* End PBXVariantGroup section */

/* Begin XCBuildConfiguration section */
		3FA25CCF2C87658D0079A908 /* Debug */ = {
			isa = XCBuildConfiguration;
			buildSettings = {
				ALWAYS_SEARCH_USER_PATHS = NO;
				ASSETCATALOG_COMPILER_GENERATE_SWIFT_ASSET_SYMBOL_EXTENSIONS = YES;
				CLANG_ANALYZER_NONNULL = YES;
				CLANG_ANALYZER_NUMBER_OBJECT_CONVERSION = YES_AGGRESSIVE;
				CLANG_CXX_LANGUAGE_STANDARD = "gnu++20";
				CLANG_ENABLE_MODULES = YES;
				CLANG_ENABLE_OBJC_ARC = YES;
				CLANG_ENABLE_OBJC_WEAK = YES;
				CLANG_WARN_BLOCK_CAPTURE_AUTORELEASING = YES;
				CLANG_WARN_BOOL_CONVERSION = YES;
				CLANG_WARN_COMMA = YES;
				CLANG_WARN_CONSTANT_CONVERSION = YES;
				CLANG_WARN_DEPRECATED_OBJC_IMPLEMENTATIONS = YES;
				CLANG_WARN_DIRECT_OBJC_ISA_USAGE = YES_ERROR;
				CLANG_WARN_DOCUMENTATION_COMMENTS = YES;
				CLANG_WARN_EMPTY_BODY = YES;
				CLANG_WARN_ENUM_CONVERSION = YES;
				CLANG_WARN_INFINITE_RECURSION = YES;
				CLANG_WARN_INT_CONVERSION = YES;
				CLANG_WARN_NON_LITERAL_NULL_CONVERSION = YES;
				CLANG_WARN_OBJC_IMPLICIT_RETAIN_SELF = YES;
				CLANG_WARN_OBJC_LITERAL_CONVERSION = YES;
				CLANG_WARN_OBJC_ROOT_CLASS = YES_ERROR;
				CLANG_WARN_QUOTED_INCLUDE_IN_FRAMEWORK_HEADER = YES;
				CLANG_WARN_RANGE_LOOP_ANALYSIS = YES;
				CLANG_WARN_STRICT_PROTOTYPES = YES;
				CLANG_WARN_SUSPICIOUS_MOVE = YES;
				CLANG_WARN_UNGUARDED_AVAILABILITY = YES_AGGRESSIVE;
				CLANG_WARN_UNREACHABLE_CODE = YES;
				CLANG_WARN__DUPLICATE_METHOD_MATCH = YES;
				COPY_PHASE_STRIP = NO;
				DEBUG_INFORMATION_FORMAT = dwarf;
				ENABLE_STRICT_OBJC_MSGSEND = YES;
				ENABLE_TESTABILITY = YES;
				ENABLE_USER_SCRIPT_SANDBOXING = YES;
				GCC_C_LANGUAGE_STANDARD = gnu17;
				GCC_DYNAMIC_NO_PIC = NO;
				GCC_NO_COMMON_BLOCKS = YES;
				GCC_OPTIMIZATION_LEVEL = 0;
				GCC_PREPROCESSOR_DEFINITIONS = (
					"DEBUG=1",
					"$(inherited)",
				);
				GCC_WARN_64_TO_32_BIT_CONVERSION = YES;
				GCC_WARN_ABOUT_RETURN_TYPE = YES_ERROR;
				GCC_WARN_UNDECLARED_SELECTOR = YES;
				GCC_WARN_UNINITIALIZED_AUTOS = YES_AGGRESSIVE;
				GCC_WARN_UNUSED_FUNCTION = YES;
				GCC_WARN_UNUSED_VARIABLE = YES;
				IPHONEOS_DEPLOYMENT_TARGET = 17.2;
				LOCALIZATION_PREFERS_STRING_CATALOGS = YES;
				MTL_ENABLE_DEBUG_INFO = INCLUDE_SOURCE;
				MTL_FAST_MATH = YES;
				ONLY_ACTIVE_ARCH = YES;
				SDKROOT = iphoneos;
				SWIFT_ACTIVE_COMPILATION_CONDITIONS = "DEBUG $(inherited)";
				SWIFT_OPTIMIZATION_LEVEL = "-Onone";
			};
			name = Debug;
		};
		3FA25CD02C87658D0079A908 /* Release */ = {
			isa = XCBuildConfiguration;
			buildSettings = {
				ALWAYS_SEARCH_USER_PATHS = NO;
				ASSETCATALOG_COMPILER_GENERATE_SWIFT_ASSET_SYMBOL_EXTENSIONS = YES;
				CLANG_ANALYZER_NONNULL = YES;
				CLANG_ANALYZER_NUMBER_OBJECT_CONVERSION = YES_AGGRESSIVE;
				CLANG_CXX_LANGUAGE_STANDARD = "gnu++20";
				CLANG_ENABLE_MODULES = YES;
				CLANG_ENABLE_OBJC_ARC = YES;
				CLANG_ENABLE_OBJC_WEAK = YES;
				CLANG_WARN_BLOCK_CAPTURE_AUTORELEASING = YES;
				CLANG_WARN_BOOL_CONVERSION = YES;
				CLANG_WARN_COMMA = YES;
				CLANG_WARN_CONSTANT_CONVERSION = YES;
				CLANG_WARN_DEPRECATED_OBJC_IMPLEMENTATIONS = YES;
				CLANG_WARN_DIRECT_OBJC_ISA_USAGE = YES_ERROR;
				CLANG_WARN_DOCUMENTATION_COMMENTS = YES;
				CLANG_WARN_EMPTY_BODY = YES;
				CLANG_WARN_ENUM_CONVERSION = YES;
				CLANG_WARN_INFINITE_RECURSION = YES;
				CLANG_WARN_INT_CONVERSION = YES;
				CLANG_WARN_NON_LITERAL_NULL_CONVERSION = YES;
				CLANG_WARN_OBJC_IMPLICIT_RETAIN_SELF = YES;
				CLANG_WARN_OBJC_LITERAL_CONVERSION = YES;
				CLANG_WARN_OBJC_ROOT_CLASS = YES_ERROR;
				CLANG_WARN_QUOTED_INCLUDE_IN_FRAMEWORK_HEADER = YES;
				CLANG_WARN_RANGE_LOOP_ANALYSIS = YES;
				CLANG_WARN_STRICT_PROTOTYPES = YES;
				CLANG_WARN_SUSPICIOUS_MOVE = YES;
				CLANG_WARN_UNGUARDED_AVAILABILITY = YES_AGGRESSIVE;
				CLANG_WARN_UNREACHABLE_CODE = YES;
				CLANG_WARN__DUPLICATE_METHOD_MATCH = YES;
				COPY_PHASE_STRIP = NO;
				DEBUG_INFORMATION_FORMAT = "dwarf-with-dsym";
				ENABLE_NS_ASSERTIONS = NO;
				ENABLE_STRICT_OBJC_MSGSEND = YES;
				ENABLE_USER_SCRIPT_SANDBOXING = YES;
				GCC_C_LANGUAGE_STANDARD = gnu17;
				GCC_NO_COMMON_BLOCKS = YES;
				GCC_WARN_64_TO_32_BIT_CONVERSION = YES;
				GCC_WARN_ABOUT_RETURN_TYPE = YES_ERROR;
				GCC_WARN_UNDECLARED_SELECTOR = YES;
				GCC_WARN_UNINITIALIZED_AUTOS = YES_AGGRESSIVE;
				GCC_WARN_UNUSED_FUNCTION = YES;
				GCC_WARN_UNUSED_VARIABLE = YES;
				IPHONEOS_DEPLOYMENT_TARGET = 17.2;
				LOCALIZATION_PREFERS_STRING_CATALOGS = YES;
				MTL_ENABLE_DEBUG_INFO = NO;
				MTL_FAST_MATH = YES;
				SDKROOT = iphoneos;
				SWIFT_COMPILATION_MODE = wholemodule;
				VALIDATE_PRODUCT = YES;
			};
			name = Release;
		};
		3FA25CD22C87658D0079A908 /* Debug */ = {
			isa = XCBuildConfiguration;
			buildSettings = {
				ASSETCATALOG_COMPILER_APPICON_NAME = AppIcon;
				ASSETCATALOG_COMPILER_GLOBAL_ACCENT_COLOR_NAME = AccentColor;
				CODE_SIGN_STYLE = Automatic;
				CURRENT_PROJECT_VERSION = 1;
				DEVELOPMENT_TEAM = RHJ877LGY2;
				GENERATE_INFOPLIST_FILE = YES;
				INFOPLIST_FILE = VKTestApp/Info.plist;
				INFOPLIST_KEY_NSLocationWhenInUseUsageDescription = "Please allow access to get weather";
				INFOPLIST_KEY_UIApplicationSupportsIndirectInputEvents = YES;
				INFOPLIST_KEY_UILaunchStoryboardName = LaunchScreen;
				INFOPLIST_KEY_UIMainStoryboardFile = Main;
				INFOPLIST_KEY_UISupportedInterfaceOrientations_iPad = "UIInterfaceOrientationPortrait UIInterfaceOrientationPortraitUpsideDown UIInterfaceOrientationLandscapeLeft UIInterfaceOrientationLandscapeRight";
				INFOPLIST_KEY_UISupportedInterfaceOrientations_iPhone = "UIInterfaceOrientationPortrait UIInterfaceOrientationLandscapeLeft UIInterfaceOrientationLandscapeRight";
				LD_RUNPATH_SEARCH_PATHS = (
					"$(inherited)",
					"@executable_path/Frameworks",
				);
				MARKETING_VERSION = 1.0;
				PRODUCT_BUNDLE_IDENTIFIER = com.dias.VKTestAppDemo;
				PRODUCT_NAME = "$(TARGET_NAME)";
				SWIFT_EMIT_LOC_STRINGS = YES;
				SWIFT_VERSION = 5.0;
				TARGETED_DEVICE_FAMILY = "1,2";
			};
			name = Debug;
		};
		3FA25CD32C87658D0079A908 /* Release */ = {
			isa = XCBuildConfiguration;
			buildSettings = {
				ASSETCATALOG_COMPILER_APPICON_NAME = AppIcon;
				ASSETCATALOG_COMPILER_GLOBAL_ACCENT_COLOR_NAME = AccentColor;
				CODE_SIGN_STYLE = Automatic;
				CURRENT_PROJECT_VERSION = 1;
				DEVELOPMENT_TEAM = RHJ877LGY2;
				GENERATE_INFOPLIST_FILE = YES;
				INFOPLIST_FILE = VKTestApp/Info.plist;
				INFOPLIST_KEY_NSLocationWhenInUseUsageDescription = "Please allow access to get weather";
				INFOPLIST_KEY_UIApplicationSupportsIndirectInputEvents = YES;
				INFOPLIST_KEY_UILaunchStoryboardName = LaunchScreen;
				INFOPLIST_KEY_UIMainStoryboardFile = Main;
				INFOPLIST_KEY_UISupportedInterfaceOrientations_iPad = "UIInterfaceOrientationPortrait UIInterfaceOrientationPortraitUpsideDown UIInterfaceOrientationLandscapeLeft UIInterfaceOrientationLandscapeRight";
				INFOPLIST_KEY_UISupportedInterfaceOrientations_iPhone = "UIInterfaceOrientationPortrait UIInterfaceOrientationLandscapeLeft UIInterfaceOrientationLandscapeRight";
				LD_RUNPATH_SEARCH_PATHS = (
					"$(inherited)",
					"@executable_path/Frameworks",
				);
				MARKETING_VERSION = 1.0;
				PRODUCT_BUNDLE_IDENTIFIER = com.dias.VKTestAppDemo;
				PRODUCT_NAME = "$(TARGET_NAME)";
				SWIFT_EMIT_LOC_STRINGS = YES;
				SWIFT_VERSION = 5.0;
				TARGETED_DEVICE_FAMILY = "1,2";
			};
			name = Release;
		};
/* End XCBuildConfiguration section */

/* Begin XCConfigurationList section */
		3FA25CB82C87658C0079A908 /* Build configuration list for PBXProject "VKTestApp" */ = {
			isa = XCConfigurationList;
			buildConfigurations = (
				3FA25CCF2C87658D0079A908 /* Debug */,
				3FA25CD02C87658D0079A908 /* Release */,
			);
			defaultConfigurationIsVisible = 0;
			defaultConfigurationName = Release;
		};
		3FA25CD12C87658D0079A908 /* Build configuration list for PBXNativeTarget "VKTestApp" */ = {
			isa = XCConfigurationList;
			buildConfigurations = (
				3FA25CD22C87658D0079A908 /* Debug */,
				3FA25CD32C87658D0079A908 /* Release */,
			);
			defaultConfigurationIsVisible = 0;
			defaultConfigurationName = Release;
		};
/* End XCConfigurationList section */

/* Begin XCRemoteSwiftPackageReference section */
		3F0948FD2C8C4A9200DE50E7 /* XCRemoteSwiftPackageReference "Alamofire" */ = {
			isa = XCRemoteSwiftPackageReference;
			repositoryURL = "https://github.com/Alamofire/Alamofire";
			requirement = {
				kind = upToNextMajorVersion;
				minimumVersion = 5.9.1;
			};
		};
		3F0949022C8C4EDC00DE50E7 /* XCRemoteSwiftPackageReference "SnapKit" */ = {
			isa = XCRemoteSwiftPackageReference;
			repositoryURL = "https://github.com/SnapKit/SnapKit";
			requirement = {
				kind = upToNextMajorVersion;
				minimumVersion = 5.7.1;
			};
		};
		3F1E61EB2C8DDC8A008A555A /* XCRemoteSwiftPackageReference "CurrentCity" */ = {
			isa = XCRemoteSwiftPackageReference;
			repositoryURL = "https://github.com/diasyerlan/CurrentCity";
			requirement = {
				kind = upToNextMajorVersion;
				minimumVersion = 1.0.0;
			};
		};
		3F1E61EE2C8DDF83008A555A /* XCRemoteSwiftPackageReference "CurrentWeather" */ = {
			isa = XCRemoteSwiftPackageReference;
			repositoryURL = "https://github.com/diasyerlan/CurrentWeather";
			requirement = {
				kind = upToNextMajorVersion;
				minimumVersion = 1.0.0;
			};
		};
		3F1E61F42C8DEE62008A555A /* XCRemoteSwiftPackageReference "TicTacToe" */ = {
			isa = XCRemoteSwiftPackageReference;
			repositoryURL = "https://github.com/diasyerlan/TicTacToe";
			requirement = {
				kind = upToNextMajorVersion;
				minimumVersion = 1.0.1;
			};
		};
/* End XCRemoteSwiftPackageReference section */

/* Begin XCSwiftPackageProductDependency section */
		3F0948FE2C8C4A9200DE50E7 /* Alamofire */ = {
			isa = XCSwiftPackageProductDependency;
			package = 3F0948FD2C8C4A9200DE50E7 /* XCRemoteSwiftPackageReference "Alamofire" */;
			productName = Alamofire;
		};
		3F0949032C8C4EDD00DE50E7 /* SnapKit */ = {
			isa = XCSwiftPackageProductDependency;
			package = 3F0949022C8C4EDC00DE50E7 /* XCRemoteSwiftPackageReference "SnapKit" */;
			productName = SnapKit;
		};
		3F1E61EC2C8DDC8A008A555A /* CurrentCity */ = {
			isa = XCSwiftPackageProductDependency;
			package = 3F1E61EB2C8DDC8A008A555A /* XCRemoteSwiftPackageReference "CurrentCity" */;
			productName = CurrentCity;
		};
		3F1E61F12C8DE0A4008A555A /* CurrentWeather */ = {
			isa = XCSwiftPackageProductDependency;
			package = 3F1E61EE2C8DDF83008A555A /* XCRemoteSwiftPackageReference "CurrentWeather" */;
			productName = CurrentWeather;
		};
		3F1E61F52C8DEE62008A555A /* TicTacToe */ = {
			isa = XCSwiftPackageProductDependency;
			package = 3F1E61F42C8DEE62008A555A /* XCRemoteSwiftPackageReference "TicTacToe" */;
			productName = TicTacToe;
		};
		3F1E62242C8E0C41008A555A /* TicTacToe */ = {
			isa = XCSwiftPackageProductDependency;
			package = 3F1E61F42C8DEE62008A555A /* XCRemoteSwiftPackageReference "TicTacToe" */;
			productName = TicTacToe;
		};
/* End XCSwiftPackageProductDependency section */
	};
	rootObject = 3FA25CB52C87658C0079A908 /* Project object */;
}
